
Microsoft Visual Studio Solution File, Format Version 12.00
# Visual Studio 15
VisualStudioVersion = 15.0.28307.1525
MinimumVisualStudioVersion = 10.0.40219.1
Project("{FAE04EC0-301F-11D3-BF4B-00C04F79EFBC}") = "WcfDemo", "WcfDemo\WcfDemo.csproj", "{F26645B0-59C3-4CDE-B2B2-30CBBE989D82}"
EndProject
Project("{FAE04EC0-301F-11D3-BF4B-00C04F79EFBC}") = "Client", "Client\Client.csproj", "{BAA61060-57EF-4B39-9198-074D2C64AA8B}"
	ProjectSection(ProjectDependencies) = postProject
		{F26645B0-59C3-4CDE-B2B2-30CBBE989D82} = {F26645B0-59C3-4CDE-B2B2-30CBBE989D82}
	EndProjectSection
EndProject
Global
	GlobalSection(SolutionConfigurationPlatforms) = preSolution
		Debug|Any CPU = Debug|Any CPU
		Release|Any CPU = Release|Any CPU
	EndGlobalSection
	GlobalSection(ProjectConfigurationPlatforms) = postSolution
		{F26645B0-59C3-4CDE-B2B2-30CBBE989D82}.Debug|Any CPU.ActiveCfg = Debug|Any CPU
		{F26645B0-59C3-4CDE-B2B2-30CBBE989D82}.Debug|Any CPU.Build.0 = Debug|Any CPU
		{F26645B0-59C3-4CDE-B2B2-30CBBE989D82}.Release|Any CPU.ActiveCfg = Release|Any CPU
		{F26645B0-59C3-4CDE-B2B2-30CBBE989D82}.Release|Any CPU.Build.0 = Release|Any CPU
		{BAA61060-57EF-4B39-9198-074D2C64AA8B}.Debug|Any CPU.ActiveCfg = Debug|Any CPU
		{BAA61060-57EF-4B39-9198-074D2C64AA8B}.Debug|Any CPU.Build.0 = Debug|Any CPU
		{BAA61060-57EF-4B39-9198-074D2C64AA8B}.Release|Any CPU.ActiveCfg = Release|Any CPU
		{BAA61060-57EF-4B39-9198-074D2C64AA8B}.Release|Any CPU.Build.0 = Release|Any CPU
	EndGlobalSection
	GlobalSection(SolutionProperties) = preSolution
		HideSolutionNode = FALSE
	EndGlobalSection
	GlobalSection(ExtensibilityGlobals) = postSolution
		SolutionGuid = {0AEECF91-88A1-4749-9480-9776E4199C73}
	EndGlobalSection
EndGlobal
